
Microsoft Visual Studio Solution File, Format Version 12.00
# Visual Studio Version 16
VisualStudioVersion = 16.0.30717.126
MinimumVisualStudioVersion = 10.0.40219.1
Project("{FAE04EC0-301F-11D3-BF4B-00C04F79EFBC}") = "Nemesi.Gatspy.Template", "Nemesi.Gatspy.Template\Nemesi.Gatspy.Template.csproj", "{4E579374-25B6-41CA-9484-463DACDFE426}"
EndProject
Global
	GlobalSection(SolutionConfigurationPlatforms) = preSolution
		Debug|Any CPU = Debug|Any CPU
		Release|Any CPU = Release|Any CPU
	EndGlobalSection
	GlobalSection(ProjectConfigurationPlatforms) = postSolution
		{4E579374-25B6-41CA-9484-463DACDFE426}.Debug|Any CPU.ActiveCfg = Debug|Any CPU
		{4E579374-25B6-41CA-9484-463DACDFE426}.Debug|Any CPU.Build.0 = Debug|Any CPU
		{4E579374-25B6-41CA-9484-463DACDFE426}.Release|Any CPU.ActiveCfg = Release|Any CPU
		{4E579374-25B6-41CA-9484-463DACDFE426}.Release|Any CPU.Build.0 = Release|Any CPU
	EndGlobalSection
	GlobalSection(SolutionProperties) = preSolution
		HideSolutionNode = FALSE
	EndGlobalSection
	GlobalSection(ExtensibilityGlobals) = postSolution
		SolutionGuid = {85257E7D-A67A-43E5-ACC5-C15A541720AD}
	EndGlobalSection
EndGlobal
